# THIS IS AN AUTOGENERATED FILE. DO NOT EDIT THIS FILE DIRECTLY.
# yarn lockfile v1


async@0.2.6:
  version "0.2.6"
  resolved "https://registry.yarnpkg.com/async/-/async-0.2.6.tgz#ad3f373d9249ae324881565582bc90e152abbd68"

iobuffer@^3.2.0:
  version "3.2.0"
  resolved "https://registry.yarnpkg.com/iobuffer/-/iobuffer-3.2.0.tgz#9234f4d2cb1042818704f07d1f5c833f41327e26"
  dependencies:
    utf8 "^2.1.2"

lodash@^4.17.5:
  version "4.17.5"
  resolved "https://registry.yarnpkg.com/lodash/-/lodash-4.17.5.tgz#99a92d65c0272debe8c96b6057bc8fbfa3bed511"

netcdfjs@^0.3.1:
  version "0.3.1"
  resolved "https://registry.yarnpkg.com/netcdfjs/-/netcdfjs-0.3.1.tgz#386efb697c125604e83e9097a5bf42ba69f5eb69"
  dependencies:
    iobuffer "^3.2.0"

node-find-files@^0.0.4:
  version "0.0.4"
  resolved "https://registry.yarnpkg.com/node-find-files/-/node-find-files-0.0.4.tgz#e4b62c7f83a992627260d56f072115c618a87059"
  dependencies:
    async "0.2.6"

utf8@^2.1.2:
  version "2.1.2"
  resolved "https://registry.yarnpkg.com/utf8/-/utf8-2.1.2.tgz#1fa0d9270e9be850d9b05027f63519bf46457d96"
